
Microsoft Visual Studio Solution File, Format Version 12.00
# Visual Studio Version 17
VisualStudioVersion = 17.4.33213.308
MinimumVisualStudioVersion = 10.0.40219.1
Project("{FAE04EC0-301F-11D3-BF4B-00C04F79EFBC}") = "eTickets", "eTickets\eTickets.csproj", "{2D4924CD-4892-409C-B498-1C8C6F342977}"
EndProject
Global
	GlobalSection(SolutionConfigurationPlatforms) = preSolution
		Debug|Any CPU = Debug|Any CPU
		Release|Any CPU = Release|Any CPU
	EndGlobalSection
	GlobalSection(ProjectConfigurationPlatforms) = postSolution
		{2D4924CD-4892-409C-B498-1C8C6F342977}.Debug|Any CPU.ActiveCfg = Debug|Any CPU
		{2D4924CD-4892-409C-B498-1C8C6F342977}.Debug|Any CPU.Build.0 = Debug|Any CPU
		{2D4924CD-4892-409C-B498-1C8C6F342977}.Release|Any CPU.ActiveCfg = Release|Any CPU
		{2D4924CD-4892-409C-B498-1C8C6F342977}.Release|Any CPU.Build.0 = Release|Any CPU
	EndGlobalSection
	GlobalSection(SolutionProperties) = preSolution
		HideSolutionNode = FALSE
	EndGlobalSection
	GlobalSection(ExtensibilityGlobals) = postSolution
		SolutionGuid = {729E157C-7E0A-4FCD-A9C2-9384B709BC6A}
	EndGlobalSection
EndGlobal
